
Microsoft Visual Studio Solution File, Format Version 12.00
# Visual Studio Version 16
VisualStudioVersion = 16.0.29613.14
MinimumVisualStudioVersion = 10.0.40219.1
Project("{9A19103F-16F7-4668-BE54-9A1E7A4F7556}") = "EsSwagger", "EsSwagger\EsSwagger.csproj", "{C462AE98-59E6-48BE-9A77-CC95519D74C3}"
EndProject
Project("{9A19103F-16F7-4668-BE54-9A1E7A4F7556}") = "Client", "Client\Client.csproj", "{0DB74518-643B-4EC8-93D1-4ED1CF016B6A}"
EndProject
Project("{FAE04EC0-301F-11D3-BF4B-00C04F79EFBC}") = "AppXamarin.Android", "AppXamarin\AppXamarin.Android\AppXamarin.Android.csproj", "{E66FC552-3CB6-47E2-9B44-34F902D0DBD5}"
EndProject
Project("{FAE04EC0-301F-11D3-BF4B-00C04F79EFBC}") = "AppXamarin.iOS", "AppXamarin\AppXamarin.iOS\AppXamarin.iOS.csproj", "{B1103619-96C7-4571-8296-6A2015E96460}"
EndProject
Project("{9A19103F-16F7-4668-BE54-9A1E7A4F7556}") = "AppXamarin", "AppXamarin\AppXamarin\AppXamarin.csproj", "{738E15E4-29C2-438F-8AF4-879D34725139}"
EndProject
Project("{FAE04EC0-301F-11D3-BF4B-00C04F79EFBC}") = "Prova.Android", "Prova\Prova.Android\Prova.Android.csproj", "{261B9C1B-270D-4BFD-A449-9A0C0C7B5236}"
EndProject
Project("{FAE04EC0-301F-11D3-BF4B-00C04F79EFBC}") = "Prova.iOS", "Prova\Prova.iOS\Prova.iOS.csproj", "{DFE9A59A-9051-405E-BA4B-2D4A4352F40E}"
EndProject
Project("{9A19103F-16F7-4668-BE54-9A1E7A4F7556}") = "Prova", "Prova\Prova\Prova.csproj", "{D80460BB-A988-45C0-A92B-866709665353}"
EndProject
Project("{FAE04EC0-301F-11D3-BF4B-00C04F79EFBC}") = "Database", "Database\Database.csproj", "{0F7EFCD0-842D-474B-AC13-F09D773B881C}"
EndProject
Global
	GlobalSection(SolutionConfigurationPlatforms) = preSolution
		Debug|Any CPU = Debug|Any CPU
		Debug|iPhone = Debug|iPhone
		Debug|iPhoneSimulator = Debug|iPhoneSimulator
		Release|Any CPU = Release|Any CPU
		Release|iPhone = Release|iPhone
		Release|iPhoneSimulator = Release|iPhoneSimulator
	EndGlobalSection
	GlobalSection(ProjectConfigurationPlatforms) = postSolution
		{C462AE98-59E6-48BE-9A77-CC95519D74C3}.Debug|Any CPU.ActiveCfg = Debug|Any CPU
		{C462AE98-59E6-48BE-9A77-CC95519D74C3}.Debug|Any CPU.Build.0 = Debug|Any CPU
		{C462AE98-59E6-48BE-9A77-CC95519D74C3}.Debug|iPhone.ActiveCfg = Debug|Any CPU
		{C462AE98-59E6-48BE-9A77-CC95519D74C3}.Debug|iPhone.Build.0 = Debug|Any CPU
		{C462AE98-59E6-48BE-9A77-CC95519D74C3}.Debug|iPhoneSimulator.ActiveCfg = Debug|Any CPU
		{C462AE98-59E6-48BE-9A77-CC95519D74C3}.Debug|iPhoneSimulator.Build.0 = Debug|Any CPU
		{C462AE98-59E6-48BE-9A77-CC95519D74C3}.Release|Any CPU.ActiveCfg = Release|Any CPU
		{C462AE98-59E6-48BE-9A77-CC95519D74C3}.Release|Any CPU.Build.0 = Release|Any CPU
		{C462AE98-59E6-48BE-9A77-CC95519D74C3}.Release|iPhone.ActiveCfg = Release|Any CPU
		{C462AE98-59E6-48BE-9A77-CC95519D74C3}.Release|iPhone.Build.0 = Release|Any CPU
		{C462AE98-59E6-48BE-9A77-CC95519D74C3}.Release|iPhoneSimulator.ActiveCfg = Release|Any CPU
		{C462AE98-59E6-48BE-9A77-CC95519D74C3}.Release|iPhoneSimulator.Build.0 = Release|Any CPU
		{0DB74518-643B-4EC8-93D1-4ED1CF016B6A}.Debug|Any CPU.ActiveCfg = Debug|Any CPU
		{0DB74518-643B-4EC8-93D1-4ED1CF016B6A}.Debug|Any CPU.Build.0 = Debug|Any CPU
		{0DB74518-643B-4EC8-93D1-4ED1CF016B6A}.Debug|iPhone.ActiveCfg = Debug|Any CPU
		{0DB74518-643B-4EC8-93D1-4ED1CF016B6A}.Debug|iPhone.Build.0 = Debug|Any CPU
		{0DB74518-643B-4EC8-93D1-4ED1CF016B6A}.Debug|iPhoneSimulator.ActiveCfg = Debug|Any CPU
		{0DB74518-643B-4EC8-93D1-4ED1CF016B6A}.Debug|iPhoneSimulator.Build.0 = Debug|Any CPU
		{0DB74518-643B-4EC8-93D1-4ED1CF016B6A}.Release|Any CPU.ActiveCfg = Release|Any CPU
		{0DB74518-643B-4EC8-93D1-4ED1CF016B6A}.Release|Any CPU.Build.0 = Release|Any CPU
		{0DB74518-643B-4EC8-93D1-4ED1CF016B6A}.Release|iPhone.ActiveCfg = Release|Any CPU
		{0DB74518-643B-4EC8-93D1-4ED1CF016B6A}.Release|iPhone.Build.0 = Release|Any CPU
		{0DB74518-643B-4EC8-93D1-4ED1CF016B6A}.Release|iPhoneSimulator.ActiveCfg = Release|Any CPU
		{0DB74518-643B-4EC8-93D1-4ED1CF016B6A}.Release|iPhoneSimulator.Build.0 = Release|Any CPU
		{E66FC552-3CB6-47E2-9B44-34F902D0DBD5}.Debug|Any CPU.ActiveCfg = Debug|Any CPU
		{E66FC552-3CB6-47E2-9B44-34F902D0DBD5}.Debug|Any CPU.Build.0 = Debug|Any CPU
		{E66FC552-3CB6-47E2-9B44-34F902D0DBD5}.Debug|Any CPU.Deploy.0 = Debug|Any CPU
		{E66FC552-3CB6-47E2-9B44-34F902D0DBD5}.Debug|iPhone.ActiveCfg = Debug|Any CPU
		{E66FC552-3CB6-47E2-9B44-34F902D0DBD5}.Debug|iPhone.Build.0 = Debug|Any CPU
		{E66FC552-3CB6-47E2-9B44-34F902D0DBD5}.Debug|iPhone.Deploy.0 = Debug|Any CPU
		{E66FC552-3CB6-47E2-9B44-34F902D0DBD5}.Debug|iPhoneSimulator.ActiveCfg = Debug|Any CPU
		{E66FC552-3CB6-47E2-9B44-34F902D0DBD5}.Debug|iPhoneSimulator.Build.0 = Debug|Any CPU
		{E66FC552-3CB6-47E2-9B44-34F902D0DBD5}.Debug|iPhoneSimulator.Deploy.0 = Debug|Any CPU
		{E66FC552-3CB6-47E2-9B44-34F902D0DBD5}.Release|Any CPU.ActiveCfg = Release|Any CPU
		{E66FC552-3CB6-47E2-9B44-34F902D0DBD5}.Release|Any CPU.Build.0 = Release|Any CPU
		{E66FC552-3CB6-47E2-9B44-34F902D0DBD5}.Release|Any CPU.Deploy.0 = Release|Any CPU
		{E66FC552-3CB6-47E2-9B44-34F902D0DBD5}.Release|iPhone.ActiveCfg = Release|Any CPU
		{E66FC552-3CB6-47E2-9B44-34F902D0DBD5}.Release|iPhone.Build.0 = Release|Any CPU
		{E66FC552-3CB6-47E2-9B44-34F902D0DBD5}.Release|iPhone.Deploy.0 = Release|Any CPU
		{E66FC552-3CB6-47E2-9B44-34F902D0DBD5}.Release|iPhoneSimulator.ActiveCfg = Release|Any CPU
		{E66FC552-3CB6-47E2-9B44-34F902D0DBD5}.Release|iPhoneSimulator.Build.0 = Release|Any CPU
		{E66FC552-3CB6-47E2-9B44-34F902D0DBD5}.Release|iPhoneSimulator.Deploy.0 = Release|Any CPU
		{B1103619-96C7-4571-8296-6A2015E96460}.Debug|Any CPU.ActiveCfg = Debug|iPhone
		{B1103619-96C7-4571-8296-6A2015E96460}.Debug|iPhone.ActiveCfg = Debug|iPhone
		{B1103619-96C7-4571-8296-6A2015E96460}.Debug|iPhone.Build.0 = Debug|iPhone
		{B1103619-96C7-4571-8296-6A2015E96460}.Debug|iPhoneSimulator.ActiveCfg = Debug|iPhoneSimulator
		{B1103619-96C7-4571-8296-6A2015E96460}.Debug|iPhoneSimulator.Build.0 = Debug|iPhoneSimulator
		{B1103619-96C7-4571-8296-6A2015E96460}.Release|Any CPU.ActiveCfg = Release|iPhone
		{B1103619-96C7-4571-8296-6A2015E96460}.Release|iPhone.ActiveCfg = Release|iPhone
		{B1103619-96C7-4571-8296-6A2015E96460}.Release|iPhone.Build.0 = Release|iPhone
		{B1103619-96C7-4571-8296-6A2015E96460}.Release|iPhoneSimulator.ActiveCfg = Release|iPhoneSimulator
		{B1103619-96C7-4571-8296-6A2015E96460}.Release|iPhoneSimulator.Build.0 = Release|iPhoneSimulator
		{738E15E4-29C2-438F-8AF4-879D34725139}.Debug|Any CPU.ActiveCfg = Debug|Any CPU
		{738E15E4-29C2-438F-8AF4-879D34725139}.Debug|Any CPU.Build.0 = Debug|Any CPU
		{738E15E4-29C2-438F-8AF4-879D34725139}.Debug|iPhone.ActiveCfg = Debug|Any CPU
		{738E15E4-29C2-438F-8AF4-879D34725139}.Debug|iPhone.Build.0 = Debug|Any CPU
		{738E15E4-29C2-438F-8AF4-879D34725139}.Debug|iPhoneSimulator.ActiveCfg = Debug|Any CPU
		{738E15E4-29C2-438F-8AF4-879D34725139}.Debug|iPhoneSimulator.Build.0 = Debug|Any CPU
		{738E15E4-29C2-438F-8AF4-879D34725139}.Release|Any CPU.ActiveCfg = Release|Any CPU
		{738E15E4-29C2-438F-8AF4-879D34725139}.Release|Any CPU.Build.0 = Release|Any CPU
		{738E15E4-29C2-438F-8AF4-879D34725139}.Release|iPhone.ActiveCfg = Release|Any CPU
		{738E15E4-29C2-438F-8AF4-879D34725139}.Release|iPhone.Build.0 = Release|Any CPU
		{738E15E4-29C2-438F-8AF4-879D34725139}.Release|iPhoneSimulator.ActiveCfg = Release|Any CPU
		{738E15E4-29C2-438F-8AF4-879D34725139}.Release|iPhoneSimulator.Build.0 = Release|Any CPU
		{261B9C1B-270D-4BFD-A449-9A0C0C7B5236}.Debug|Any CPU.ActiveCfg = Debug|Any CPU
		{261B9C1B-270D-4BFD-A449-9A0C0C7B5236}.Debug|Any CPU.Build.0 = Debug|Any CPU
		{261B9C1B-270D-4BFD-A449-9A0C0C7B5236}.Debug|Any CPU.Deploy.0 = Debug|Any CPU
		{261B9C1B-270D-4BFD-A449-9A0C0C7B5236}.Debug|iPhone.ActiveCfg = Debug|Any CPU
		{261B9C1B-270D-4BFD-A449-9A0C0C7B5236}.Debug|iPhone.Build.0 = Debug|Any CPU
		{261B9C1B-270D-4BFD-A449-9A0C0C7B5236}.Debug|iPhone.Deploy.0 = Debug|Any CPU
		{261B9C1B-270D-4BFD-A449-9A0C0C7B5236}.Debug|iPhoneSimulator.ActiveCfg = Debug|Any CPU
		{261B9C1B-270D-4BFD-A449-9A0C0C7B5236}.Debug|iPhoneSimulator.Build.0 = Debug|Any CPU
		{261B9C1B-270D-4BFD-A449-9A0C0C7B5236}.Debug|iPhoneSimulator.Deploy.0 = Debug|Any CPU
		{261B9C1B-270D-4BFD-A449-9A0C0C7B5236}.Release|Any CPU.ActiveCfg = Release|Any CPU
		{261B9C1B-270D-4BFD-A449-9A0C0C7B5236}.Release|Any CPU.Build.0 = Release|Any CPU
		{261B9C1B-270D-4BFD-A449-9A0C0C7B5236}.Release|Any CPU.Deploy.0 = Release|Any CPU
		{261B9C1B-270D-4BFD-A449-9A0C0C7B5236}.Release|iPhone.ActiveCfg = Release|Any CPU
		{261B9C1B-270D-4BFD-A449-9A0C0C7B5236}.Release|iPhone.Build.0 = Release|Any CPU
		{261B9C1B-270D-4BFD-A449-9A0C0C7B5236}.Release|iPhone.Deploy.0 = Release|Any CPU
		{261B9C1B-270D-4BFD-A449-9A0C0C7B5236}.Release|iPhoneSimulator.ActiveCfg = Release|Any CPU
		{261B9C1B-270D-4BFD-A449-9A0C0C7B5236}.Release|iPhoneSimulator.Build.0 = Release|Any CPU
		{261B9C1B-270D-4BFD-A449-9A0C0C7B5236}.Release|iPhoneSimulator.Deploy.0 = Release|Any CPU
		{DFE9A59A-9051-405E-BA4B-2D4A4352F40E}.Debug|Any CPU.ActiveCfg = Debug|iPhone
		{DFE9A59A-9051-405E-BA4B-2D4A4352F40E}.Debug|iPhone.ActiveCfg = Debug|iPhone
		{DFE9A59A-9051-405E-BA4B-2D4A4352F40E}.Debug|iPhone.Build.0 = Debug|iPhone
		{DFE9A59A-9051-405E-BA4B-2D4A4352F40E}.Debug|iPhoneSimulator.ActiveCfg = Debug|iPhoneSimulator
		{DFE9A59A-9051-405E-BA4B-2D4A4352F40E}.Debug|iPhoneSimulator.Build.0 = Debug|iPhoneSimulator
		{DFE9A59A-9051-405E-BA4B-2D4A4352F40E}.Release|Any CPU.ActiveCfg = Release|iPhone
		{DFE9A59A-9051-405E-BA4B-2D4A4352F40E}.Release|iPhone.ActiveCfg = Release|iPhone
		{DFE9A59A-9051-405E-BA4B-2D4A4352F40E}.Release|iPhone.Build.0 = Release|iPhone
		{DFE9A59A-9051-405E-BA4B-2D4A4352F40E}.Release|iPhoneSimulator.ActiveCfg = Release|iPhoneSimulator
		{DFE9A59A-9051-405E-BA4B-2D4A4352F40E}.Release|iPhoneSimulator.Build.0 = Release|iPhoneSimulator
		{D80460BB-A988-45C0-A92B-866709665353}.Debug|Any CPU.ActiveCfg = Debug|Any CPU
		{D80460BB-A988-45C0-A92B-866709665353}.Debug|Any CPU.Build.0 = Debug|Any CPU
		{D80460BB-A988-45C0-A92B-866709665353}.Debug|iPhone.ActiveCfg = Debug|Any CPU
		{D80460BB-A988-45C0-A92B-866709665353}.Debug|iPhone.Build.0 = Debug|Any CPU
		{D80460BB-A988-45C0-A92B-866709665353}.Debug|iPhoneSimulator.ActiveCfg = Debug|Any CPU
		{D80460BB-A988-45C0-A92B-866709665353}.Debug|iPhoneSimulator.Build.0 = Debug|Any CPU
		{D80460BB-A988-45C0-A92B-866709665353}.Release|Any CPU.ActiveCfg = Release|Any CPU
		{D80460BB-A988-45C0-A92B-866709665353}.Release|Any CPU.Build.0 = Release|Any CPU
		{D80460BB-A988-45C0-A92B-866709665353}.Release|iPhone.ActiveCfg = Release|Any CPU
		{D80460BB-A988-45C0-A92B-866709665353}.Release|iPhone.Build.0 = Release|Any CPU
		{D80460BB-A988-45C0-A92B-866709665353}.Release|iPhoneSimulator.ActiveCfg = Release|Any CPU
		{D80460BB-A988-45C0-A92B-866709665353}.Release|iPhoneSimulator.Build.0 = Release|Any CPU
		{0F7EFCD0-842D-474B-AC13-F09D773B881C}.Debug|Any CPU.ActiveCfg = Debug|Any CPU
		{0F7EFCD0-842D-474B-AC13-F09D773B881C}.Debug|Any CPU.Build.0 = Debug|Any CPU
		{0F7EFCD0-842D-474B-AC13-F09D773B881C}.Debug|iPhone.ActiveCfg = Debug|Any CPU
		{0F7EFCD0-842D-474B-AC13-F09D773B881C}.Debug|iPhone.Build.0 = Debug|Any CPU
		{0F7EFCD0-842D-474B-AC13-F09D773B881C}.Debug|iPhoneSimulator.ActiveCfg = Debug|Any CPU
		{0F7EFCD0-842D-474B-AC13-F09D773B881C}.Debug|iPhoneSimulator.Build.0 = Debug|Any CPU
		{0F7EFCD0-842D-474B-AC13-F09D773B881C}.Release|Any CPU.ActiveCfg = Release|Any CPU
		{0F7EFCD0-842D-474B-AC13-F09D773B881C}.Release|Any CPU.Build.0 = Release|Any CPU
		{0F7EFCD0-842D-474B-AC13-F09D773B881C}.Release|iPhone.ActiveCfg = Release|Any CPU
		{0F7EFCD0-842D-474B-AC13-F09D773B881C}.Release|iPhone.Build.0 = Release|Any CPU
		{0F7EFCD0-842D-474B-AC13-F09D773B881C}.Release|iPhoneSimulator.ActiveCfg = Release|Any CPU
		{0F7EFCD0-842D-474B-AC13-F09D773B881C}.Release|iPhoneSimulator.Build.0 = Release|Any CPU
	EndGlobalSection
	GlobalSection(SolutionProperties) = preSolution
		HideSolutionNode = FALSE
	EndGlobalSection
	GlobalSection(ExtensibilityGlobals) = postSolution
		SolutionGuid = {8BEE2B7D-D00C-43B5-A77D-33F597CE8945}
	EndGlobalSection
EndGlobal
